
Microsoft Visual Studio Solution File, Format Version 12.00
# Visual Studio Version 17
VisualStudioVersion = 17.5.002.0
MinimumVisualStudioVersion = 10.0.40219.1
Project("{9A19103F-16F7-4668-BE54-9A1E7A4F7556}") = "test-register-typedclient", "test-register-typedclient.csproj", "{A36B83FA-29D1-4AA1-941B-C139DA46FF22}"
EndProject
Global
	GlobalSection(SolutionConfigurationPlatforms) = preSolution
		Debug|Any CPU = Debug|Any CPU
		Release|Any CPU = Release|Any CPU
	EndGlobalSection
	GlobalSection(ProjectConfigurationPlatforms) = postSolution
		{A36B83FA-29D1-4AA1-941B-C139DA46FF22}.Debug|Any CPU.ActiveCfg = Debug|Any CPU
		{A36B83FA-29D1-4AA1-941B-C139DA46FF22}.Debug|Any CPU.Build.0 = Debug|Any CPU
		{A36B83FA-29D1-4AA1-941B-C139DA46FF22}.Release|Any CPU.ActiveCfg = Release|Any CPU
		{A36B83FA-29D1-4AA1-941B-C139DA46FF22}.Release|Any CPU.Build.0 = Release|Any CPU
	EndGlobalSection
	GlobalSection(SolutionProperties) = preSolution
		HideSolutionNode = FALSE
	EndGlobalSection
	GlobalSection(ExtensibilityGlobals) = postSolution
		SolutionGuid = {83095340-E9BB-4583-BC29-8A5FE7F5A5B0}
	EndGlobalSection
EndGlobal
